
Microsoft Visual Studio Solution File, Format Version 12.00
# Visual Studio Version 17
VisualStudioVersion = 17.4.33213.308
MinimumVisualStudioVersion = 10.0.40219.1
Project("{FAE04EC0-301F-11D3-BF4B-00C04F79EFBC}") = "Sa02Poo.RegraDeNegocio", "Sa02Poo.RegraDeNegocio\Sa02Poo.RegraDeNegocio.csproj", "{7C4F23E0-8923-4305-B019-E7A423DDAE3D}"
EndProject
Project("{FAE04EC0-301F-11D3-BF4B-00C04F79EFBC}") = "Sa02Poo.Aplicativo4", "Sa02Poo.Aplicativo4\Sa02Poo.Aplicativo4.csproj", "{BE98601A-E70E-43B4-AB5D-1FD86C9B7E71}"
EndProject
Project("{FAE04EC0-301F-11D3-BF4B-00C04F79EFBC}") = "Sa02Poo.Aplicativo6", "Sa02Poo.Aplicativo6\Sa02Poo.Aplicativo6.csproj", "{83D719A3-E82F-41BD-A67C-482A020485A3}"
EndProject
Project("{FAE04EC0-301F-11D3-BF4B-00C04F79EFBC}") = "Sa02Poo.Aplicativo7", "Sa02Poo.Aplicativo7\Sa02Poo.Aplicativo7.csproj", "{EE3BAA31-FBC3-493D-851D-70F46E4D5587}"
EndProject
Project("{FAE04EC0-301F-11D3-BF4B-00C04F79EFBC}") = "Sa02Poo.Aplicativo3", "Sa02Poo.Aplicativo3\Sa02Poo.Aplicativo3.csproj", "{9951EB82-8B61-4C10-AE34-4F6D91E167BF}"
EndProject
Project("{FAE04EC0-301F-11D3-BF4B-00C04F79EFBC}") = "Sa02Poo.Aplicativo2", "Sa02Poo.Aplicativo2\Sa02Poo.Aplicativo2.csproj", "{877ED828-BAA8-4F33-8C9C-B6E349B3FD60}"
EndProject
Project("{FAE04EC0-301F-11D3-BF4B-00C04F79EFBC}") = "Sa02Poo.Aplicativo1", "Sa02Poo.Aplicativo1\Sa02Poo.Aplicativo1.csproj", "{41C6C395-1DD4-418C-BD40-3D8074173888}"
EndProject
Project("{FAE04EC0-301F-11D3-BF4B-00C04F79EFBC}") = "Sa02Poo.Aplicativo5", "Sa02Poo.Aplicativo5\Sa02Poo.Aplicativo5.csproj", "{13BFB3AB-CAFA-4835-99E5-F6BC5E886447}"
EndProject
Global
	GlobalSection(SolutionConfigurationPlatforms) = preSolution
		Debug|Any CPU = Debug|Any CPU
		Release|Any CPU = Release|Any CPU
	EndGlobalSection
	GlobalSection(ProjectConfigurationPlatforms) = postSolution
		{7C4F23E0-8923-4305-B019-E7A423DDAE3D}.Debug|Any CPU.ActiveCfg = Debug|Any CPU
		{7C4F23E0-8923-4305-B019-E7A423DDAE3D}.Debug|Any CPU.Build.0 = Debug|Any CPU
		{7C4F23E0-8923-4305-B019-E7A423DDAE3D}.Release|Any CPU.ActiveCfg = Release|Any CPU
		{7C4F23E0-8923-4305-B019-E7A423DDAE3D}.Release|Any CPU.Build.0 = Release|Any CPU
		{BE98601A-E70E-43B4-AB5D-1FD86C9B7E71}.Debug|Any CPU.ActiveCfg = Debug|Any CPU
		{BE98601A-E70E-43B4-AB5D-1FD86C9B7E71}.Debug|Any CPU.Build.0 = Debug|Any CPU
		{BE98601A-E70E-43B4-AB5D-1FD86C9B7E71}.Release|Any CPU.ActiveCfg = Release|Any CPU
		{BE98601A-E70E-43B4-AB5D-1FD86C9B7E71}.Release|Any CPU.Build.0 = Release|Any CPU
		{83D719A3-E82F-41BD-A67C-482A020485A3}.Debug|Any CPU.ActiveCfg = Debug|Any CPU
		{83D719A3-E82F-41BD-A67C-482A020485A3}.Debug|Any CPU.Build.0 = Debug|Any CPU
		{83D719A3-E82F-41BD-A67C-482A020485A3}.Release|Any CPU.ActiveCfg = Release|Any CPU
		{83D719A3-E82F-41BD-A67C-482A020485A3}.Release|Any CPU.Build.0 = Release|Any CPU
		{EE3BAA31-FBC3-493D-851D-70F46E4D5587}.Debug|Any CPU.ActiveCfg = Debug|Any CPU
		{EE3BAA31-FBC3-493D-851D-70F46E4D5587}.Debug|Any CPU.Build.0 = Debug|Any CPU
		{EE3BAA31-FBC3-493D-851D-70F46E4D5587}.Release|Any CPU.ActiveCfg = Release|Any CPU
		{EE3BAA31-FBC3-493D-851D-70F46E4D5587}.Release|Any CPU.Build.0 = Release|Any CPU
		{9951EB82-8B61-4C10-AE34-4F6D91E167BF}.Debug|Any CPU.ActiveCfg = Debug|Any CPU
		{9951EB82-8B61-4C10-AE34-4F6D91E167BF}.Debug|Any CPU.Build.0 = Debug|Any CPU
		{9951EB82-8B61-4C10-AE34-4F6D91E167BF}.Release|Any CPU.ActiveCfg = Release|Any CPU
		{9951EB82-8B61-4C10-AE34-4F6D91E167BF}.Release|Any CPU.Build.0 = Release|Any CPU
		{877ED828-BAA8-4F33-8C9C-B6E349B3FD60}.Debug|Any CPU.ActiveCfg = Debug|Any CPU
		{877ED828-BAA8-4F33-8C9C-B6E349B3FD60}.Debug|Any CPU.Build.0 = Debug|Any CPU
		{877ED828-BAA8-4F33-8C9C-B6E349B3FD60}.Release|Any CPU.ActiveCfg = Release|Any CPU
		{877ED828-BAA8-4F33-8C9C-B6E349B3FD60}.Release|Any CPU.Build.0 = Release|Any CPU
		{41C6C395-1DD4-418C-BD40-3D8074173888}.Debug|Any CPU.ActiveCfg = Debug|Any CPU
		{41C6C395-1DD4-418C-BD40-3D8074173888}.Debug|Any CPU.Build.0 = Debug|Any CPU
		{41C6C395-1DD4-418C-BD40-3D8074173888}.Release|Any CPU.ActiveCfg = Release|Any CPU
		{41C6C395-1DD4-418C-BD40-3D8074173888}.Release|Any CPU.Build.0 = Release|Any CPU
		{13BFB3AB-CAFA-4835-99E5-F6BC5E886447}.Debug|Any CPU.ActiveCfg = Debug|Any CPU
		{13BFB3AB-CAFA-4835-99E5-F6BC5E886447}.Debug|Any CPU.Build.0 = Debug|Any CPU
		{13BFB3AB-CAFA-4835-99E5-F6BC5E886447}.Release|Any CPU.ActiveCfg = Release|Any CPU
		{13BFB3AB-CAFA-4835-99E5-F6BC5E886447}.Release|Any CPU.Build.0 = Release|Any CPU
	EndGlobalSection
	GlobalSection(SolutionProperties) = preSolution
		HideSolutionNode = FALSE
	EndGlobalSection
	GlobalSection(ExtensibilityGlobals) = postSolution
		SolutionGuid = {7CF8B8AB-A412-4ED8-9C5C-0AD8D86B38E5}
	EndGlobalSection
EndGlobal
